{
  "name": "RustStash",
  "lockfileVersion": 2,
  "requires": true,
  "packages": {
    "": {
      "name": "RustStash",
      "license": "UNLICENSED",
      "devDependencies": {
        "dprint": "^0.41.0"
      }
    },
    "node_modules/@dprint/darwin-arm64": {
      "version": "0.41.0",
      "resolved": "https://registry.npmjs.org/@dprint/darwin-arm64/-/darwin-arm64-0.41.0.tgz",
      "integrity": "sha512-P9PtcQI0mrI4U6yyd+/iI664BHSqC9KTS6ogq0ptEdnLtlaWzf09D1nv6FBaHiG9m3conuBRlPsoUqt3j6PZ2w==",
      "cpu": [
        "arm64"
      ],
      "dev": true,
      "license": "MIT",
      "optional": true,
      "os": [
        "darwin"
      ]
    },
    "node_modules/@dprint/darwin-x64": {
      "version": "0.41.0",
      "resolved": "https://registry.npmjs.org/@dprint/darwin-x64/-/darwin-x64-0.41.0.tgz",
      "integrity": "sha512-mSYnSoH0uyCkjgIWTny2DZAcaiRTe3kRWY5SeZECLGO37e+SdVg+ZjSzndhOvvEb9pv8EeBO1NJ9gHOSceT5Xw==",
      "cpu": [
        "x64"
      ],
      "dev": true,
      "license": "MIT",
      "optional": true,
      "os": [
        "darwin"
      ]
    },
    "node_modules/@dprint/linux-arm64-glibc": {
      "version": "0.41.0",
      "resolved": "https://registry.npmjs.org/@dprint/linux-arm64-glibc/-/linux-arm64-glibc-0.41.0.tgz",
      "integrity": "sha512-U4xWzjjO/aAct8cSSMZFhg8l1jWy6VahXh8zWjGBufwX7t3xEcxMG9RyAp/ioYSY6wl4YXAmnUHywhC+wSjDHQ==",
      "cpu": [
        "arm64"
      ],
      "dev": true,
      "license": "MIT",
      "optional": true,
      "os": [
        "linux"
      ]
    },
    "node_modules/@dprint/linux-x64-glibc": {
      "version": "0.41.0",
      "resolved": "https://registry.npmjs.org/@dprint/linux-x64-glibc/-/linux-x64-glibc-0.41.0.tgz",
      "integrity": "sha512-wjv5l4mGns7E8i32E8FfAk45tw5O7v4NM17gtvhe6ggOiOD6quHowOH00pLfEakMLMF9y0J5ZO2hxJ/w06bXmQ==",
      "cpu": [
        "x64"
      ],
      "dev": true,
      "license": "MIT",
      "optional": true,
      "os": [
        "linux"
      ]
    },
    "node_modules/@dprint/linux-x64-musl": {
      "version": "0.41.0",
      "resolved": "https://registry.npmjs.org/@dprint/linux-x64-musl/-/linux-x64-musl-0.41.0.tgz",
      "integrity": "sha512-ZZOqiur9Xi/2uhz0Ce215VTSajAlSrduX/5k/hpIjI7Rgz22Vn77p5fmYxzWkTt/Li1zq5zboTvmGYx0QVNMrQ==",
      "cpu": [
        "x64"
      ],
      "dev": true,
      "license": "MIT",
      "optional": true,
      "os": [
        "linux"
      ]
    },
    "node_modules/@dprint/win32-x64": {
      "version": "0.41.0",
      "resolved": "https://registry.npmjs.org/@dprint/win32-x64/-/win32-x64-0.41.0.tgz",
      "integrity": "sha512-mFx6x4Hn848/D4gPbDm7g1wlnOh2SGoVF9c9HMGCuOobUU2WIBztzV4L5qlFCB3gprlS0ru9BhlMpGhrp0CBYA==",
      "cpu": [
        "x64"
      ],
      "dev": true,
      "license": "MIT",
      "optional": true,
      "os": [
        "win32"
      ]
    },
    "node_modules/dprint": {
      "version": "0.41.0",
      "resolved": "https://registry.npmjs.org/dprint/-/dprint-0.41.0.tgz",
      "integrity": "sha512-9Ctv6EnwOy5Ai566DczI/QhAC6y+AhWDA2gFU8Zz4xezUy1BevHaIYhfdLWZQxh4Qf4H28lRu1Lq+hhIm1US9w==",
      "dev": true,
      "hasInstallScript": true,
      "license": "MIT",
      "bin": {
        "dprint": "bin.js"
      },
      "optionalDependencies": {
        "@dprint/darwin-arm64": "0.41.0",
        "@dprint/darwin-x64": "0.41.0",
        "@dprint/linux-arm64-glibc": "0.41.0",
        "@dprint/linux-x64-glibc": "0.41.0",
        "@dprint/linux-x64-musl": "0.41.0",
        "@dprint/win32-x64": "0.41.0"
      }
    }
  },
  "dependencies": {
    "@dprint/darwin-arm64": {
      "version": "0.41.0",
      "resolved": "https://registry.npmjs.org/@dprint/darwin-arm64/-/darwin-arm64-0.41.0.tgz",
      "integrity": "sha512-P9PtcQI0mrI4U6yyd+/iI664BHSqC9KTS6ogq0ptEdnLtlaWzf09D1nv6FBaHiG9m3conuBRlPsoUqt3j6PZ2w==",
      "dev": true,
      "optional": true
    },
    "@dprint/darwin-x64": {
      "version": "0.41.0",
      "resolved": "https://registry.npmjs.org/@dprint/darwin-x64/-/darwin-x64-0.41.0.tgz",
      "integrity": "sha512-mSYnSoH0uyCkjgIWTny2DZAcaiRTe3kRWY5SeZECLGO37e+SdVg+ZjSzndhOvvEb9pv8EeBO1NJ9gHOSceT5Xw==",
      "dev": true,
      "optional": true
    },
    "@dprint/linux-arm64-glibc": {
      "version": "0.41.0",
      "resolved": "https://registry.npmjs.org/@dprint/linux-arm64-glibc/-/linux-arm64-glibc-0.41.0.tgz",
      "integrity": "sha512-U4xWzjjO/aAct8cSSMZFhg8l1jWy6VahXh8zWjGBufwX7t3xEcxMG9RyAp/ioYSY6wl4YXAmnUHywhC+wSjDHQ==",
      "dev": true,
      "optional": true
    },
    "@dprint/linux-x64-glibc": {
      "version": "0.41.0",
      "resolved": "https://registry.npmjs.org/@dprint/linux-x64-glibc/-/linux-x64-glibc-0.41.0.tgz",
      "integrity": "sha512-wjv5l4mGns7E8i32E8FfAk45tw5O7v4NM17gtvhe6ggOiOD6quHowOH00pLfEakMLMF9y0J5ZO2hxJ/w06bXmQ==",
      "dev": true,
      "optional": true
    },
    "@dprint/linux-x64-musl": {
      "version": "0.41.0",
      "resolved": "https://registry.npmjs.org/@dprint/linux-x64-musl/-/linux-x64-musl-0.41.0.tgz",
      "integrity": "sha512-ZZOqiur9Xi/2uhz0Ce215VTSajAlSrduX/5k/hpIjI7Rgz22Vn77p5fmYxzWkTt/Li1zq5zboTvmGYx0QVNMrQ==",
      "dev": true,
      "optional": true
    },
    "@dprint/win32-x64": {
      "version": "0.41.0",
      "resolved": "https://registry.npmjs.org/@dprint/win32-x64/-/win32-x64-0.41.0.tgz",
      "integrity": "sha512-mFx6x4Hn848/D4gPbDm7g1wlnOh2SGoVF9c9HMGCuOobUU2WIBztzV4L5qlFCB3gprlS0ru9BhlMpGhrp0CBYA==",
      "dev": true,
      "optional": true
    },
    "dprint": {
      "version": "0.41.0",
      "resolved": "https://registry.npmjs.org/dprint/-/dprint-0.41.0.tgz",
      "integrity": "sha512-9Ctv6EnwOy5Ai566DczI/QhAC6y+AhWDA2gFU8Zz4xezUy1BevHaIYhfdLWZQxh4Qf4H28lRu1Lq+hhIm1US9w==",
      "dev": true,
      "requires": {
        "@dprint/darwin-arm64": "0.41.0",
        "@dprint/darwin-x64": "0.41.0",
        "@dprint/linux-arm64-glibc": "0.41.0",
        "@dprint/linux-x64-glibc": "0.41.0",
        "@dprint/linux-x64-musl": "0.41.0",
        "@dprint/win32-x64": "0.41.0"
      }
    }
  }
}
